
Microsoft Visual Studio Solution File, Format Version 12.00
# Visual Studio Version 17
VisualStudioVersion = 17.2.32519.379
MinimumVisualStudioVersion = 10.0.40219.1
Project("{FAE04EC0-301F-11D3-BF4B-00C04F79EFBC}") = "Grapher", "Grapher.csproj", "{106E11C6-CF6F-455A-BF30-800249719E11}"
EndProject
Project("{9A19103F-16F7-4668-BE54-9A1E7A4F7556}") = "NAudio", "NAudio\NAudio\NAudio.csproj", "{AE537E35-C200-4C95-A8BB-50F892D7239D}"
EndProject
Global
	GlobalSection(SolutionConfigurationPlatforms) = preSolution
		Debug|Any CPU = Debug|Any CPU
		Release|Any CPU = Release|Any CPU
	EndGlobalSection
	GlobalSection(ProjectConfigurationPlatforms) = postSolution
		{106E11C6-CF6F-455A-BF30-800249719E11}.Debug|Any CPU.ActiveCfg = Debug|Any CPU
		{106E11C6-CF6F-455A-BF30-800249719E11}.Debug|Any CPU.Build.0 = Debug|Any CPU
		{106E11C6-CF6F-455A-BF30-800249719E11}.Release|Any CPU.ActiveCfg = Release|Any CPU
		{106E11C6-CF6F-455A-BF30-800249719E11}.Release|Any CPU.Build.0 = Release|Any CPU
		{AE537E35-C200-4C95-A8BB-50F892D7239D}.Debug|Any CPU.ActiveCfg = Debug|Any CPU
		{AE537E35-C200-4C95-A8BB-50F892D7239D}.Debug|Any CPU.Build.0 = Debug|Any CPU
		{AE537E35-C200-4C95-A8BB-50F892D7239D}.Release|Any CPU.ActiveCfg = Release|Any CPU
		{AE537E35-C200-4C95-A8BB-50F892D7239D}.Release|Any CPU.Build.0 = Release|Any CPU
	EndGlobalSection
	GlobalSection(SolutionProperties) = preSolution
		HideSolutionNode = FALSE
	EndGlobalSection
	GlobalSection(ExtensibilityGlobals) = postSolution
		SolutionGuid = {060FD366-5F85-4038-9AB8-A52B8A478A92}
	EndGlobalSection
EndGlobal
