
Microsoft Visual Studio Solution File, Format Version 12.00
# Visual Studio Version 17
VisualStudioVersion = 17.2.32519.379
MinimumVisualStudioVersion = 10.0.40219.1
Project("{9A19103F-16F7-4668-BE54-9A1E7A4F7556}") = "GrapherStandalone", "GrapherStandalone.csproj", "{DE56C507-192A-4CFC-97AC-6B2CB34639D7}"
EndProject
Project("{9A19103F-16F7-4668-BE54-9A1E7A4F7556}") = "Grapher", "..\GrapherCore\Grapher.csproj", "{106E11C6-CF6F-455A-BF30-800249719E11}"
EndProject
Project("{9A19103F-16F7-4668-BE54-9A1E7A4F7556}") = "GrapherVST", "..\GrapherVST\GrapherVST.csproj", "{0549AD8A-9907-4607-85B6-29EBEE68AE48}"
EndProject
Project("{2150E333-8FDC-42A3-9474-1A3956D46DE8}") = "Solution Items", "Solution Items", "{089A3EEC-7397-4CFF-8396-AEAC5F6C8F73}"
	ProjectSection(SolutionItems) = preProject
		.editorconfig = .editorconfig
	EndProjectSection
EndProject
Global
	GlobalSection(SolutionConfigurationPlatforms) = preSolution
		Debug|Any CPU = Debug|Any CPU
		Debug|x64 = Debug|x64
		Debug|x86 = Debug|x86
		Release|Any CPU = Release|Any CPU
		Release|x64 = Release|x64
		Release|x86 = Release|x86
	EndGlobalSection
	GlobalSection(ProjectConfigurationPlatforms) = postSolution
		{DE56C507-192A-4CFC-97AC-6B2CB34639D7}.Debug|Any CPU.ActiveCfg = Debug|Any CPU
		{DE56C507-192A-4CFC-97AC-6B2CB34639D7}.Debug|Any CPU.Build.0 = Debug|Any CPU
		{DE56C507-192A-4CFC-97AC-6B2CB34639D7}.Debug|x64.ActiveCfg = Debug|Any CPU
		{DE56C507-192A-4CFC-97AC-6B2CB34639D7}.Debug|x64.Build.0 = Debug|Any CPU
		{DE56C507-192A-4CFC-97AC-6B2CB34639D7}.Debug|x86.ActiveCfg = Debug|Any CPU
		{DE56C507-192A-4CFC-97AC-6B2CB34639D7}.Debug|x86.Build.0 = Debug|Any CPU
		{DE56C507-192A-4CFC-97AC-6B2CB34639D7}.Release|Any CPU.ActiveCfg = Release|Any CPU
		{DE56C507-192A-4CFC-97AC-6B2CB34639D7}.Release|Any CPU.Build.0 = Release|Any CPU
		{DE56C507-192A-4CFC-97AC-6B2CB34639D7}.Release|x64.ActiveCfg = Release|Any CPU
		{DE56C507-192A-4CFC-97AC-6B2CB34639D7}.Release|x64.Build.0 = Release|Any CPU
		{DE56C507-192A-4CFC-97AC-6B2CB34639D7}.Release|x86.ActiveCfg = Release|Any CPU
		{DE56C507-192A-4CFC-97AC-6B2CB34639D7}.Release|x86.Build.0 = Release|Any CPU
		{106E11C6-CF6F-455A-BF30-800249719E11}.Debug|Any CPU.ActiveCfg = Debug|Any CPU
		{106E11C6-CF6F-455A-BF30-800249719E11}.Debug|Any CPU.Build.0 = Debug|Any CPU
		{106E11C6-CF6F-455A-BF30-800249719E11}.Debug|x64.ActiveCfg = Debug|Any CPU
		{106E11C6-CF6F-455A-BF30-800249719E11}.Debug|x64.Build.0 = Debug|Any CPU
		{106E11C6-CF6F-455A-BF30-800249719E11}.Debug|x86.ActiveCfg = Debug|Any CPU
		{106E11C6-CF6F-455A-BF30-800249719E11}.Debug|x86.Build.0 = Debug|Any CPU
		{106E11C6-CF6F-455A-BF30-800249719E11}.Release|Any CPU.ActiveCfg = Release|Any CPU
		{106E11C6-CF6F-455A-BF30-800249719E11}.Release|Any CPU.Build.0 = Release|Any CPU
		{106E11C6-CF6F-455A-BF30-800249719E11}.Release|x64.ActiveCfg = Release|Any CPU
		{106E11C6-CF6F-455A-BF30-800249719E11}.Release|x64.Build.0 = Release|Any CPU
		{106E11C6-CF6F-455A-BF30-800249719E11}.Release|x86.ActiveCfg = Release|Any CPU
		{106E11C6-CF6F-455A-BF30-800249719E11}.Release|x86.Build.0 = Release|Any CPU
		{0549AD8A-9907-4607-85B6-29EBEE68AE48}.Debug|Any CPU.ActiveCfg = Debug|x64
		{0549AD8A-9907-4607-85B6-29EBEE68AE48}.Debug|Any CPU.Build.0 = Debug|x64
		{0549AD8A-9907-4607-85B6-29EBEE68AE48}.Debug|x64.ActiveCfg = Debug|x64
		{0549AD8A-9907-4607-85B6-29EBEE68AE48}.Debug|x64.Build.0 = Debug|x64
		{0549AD8A-9907-4607-85B6-29EBEE68AE48}.Debug|x86.ActiveCfg = Debug|x86
		{0549AD8A-9907-4607-85B6-29EBEE68AE48}.Debug|x86.Build.0 = Debug|x86
		{0549AD8A-9907-4607-85B6-29EBEE68AE48}.Release|Any CPU.ActiveCfg = Release|x64
		{0549AD8A-9907-4607-85B6-29EBEE68AE48}.Release|Any CPU.Build.0 = Release|x64
		{0549AD8A-9907-4607-85B6-29EBEE68AE48}.Release|x64.ActiveCfg = Release|x64
		{0549AD8A-9907-4607-85B6-29EBEE68AE48}.Release|x64.Build.0 = Release|x64
		{0549AD8A-9907-4607-85B6-29EBEE68AE48}.Release|x86.ActiveCfg = Release|x86
		{0549AD8A-9907-4607-85B6-29EBEE68AE48}.Release|x86.Build.0 = Release|x86
	EndGlobalSection
	GlobalSection(SolutionProperties) = preSolution
		HideSolutionNode = FALSE
	EndGlobalSection
	GlobalSection(ExtensibilityGlobals) = postSolution
		SolutionGuid = {060FD366-5F85-4038-9AB8-A52B8A478A92}
	EndGlobalSection
EndGlobal
